
Microsoft Visual Studio Solution File, Format Version 12.00
# Visual Studio Version 16
VisualStudioVersion = 16.0.30204.135
MinimumVisualStudioVersion = 10.0.40219.1
Project("{FAE04EC0-301F-11D3-BF4B-00C04F79EFBC}") = "cleveBatteryBalance", "cleveBatteryBalance\cleveBatteryBalance.csproj", "{3B4F5FBF-2B10-44F7-8359-A2EC1BF91DDA}"
EndProject
Global
	GlobalSection(SolutionConfigurationPlatforms) = preSolution
		Debug|Any CPU = Debug|Any CPU
		Release|Any CPU = Release|Any CPU
	EndGlobalSection
	GlobalSection(ProjectConfigurationPlatforms) = postSolution
		{3B4F5FBF-2B10-44F7-8359-A2EC1BF91DDA}.Debug|Any CPU.ActiveCfg = Debug|Any CPU
		{3B4F5FBF-2B10-44F7-8359-A2EC1BF91DDA}.Debug|Any CPU.Build.0 = Debug|Any CPU
		{3B4F5FBF-2B10-44F7-8359-A2EC1BF91DDA}.Release|Any CPU.ActiveCfg = Release|Any CPU
		{3B4F5FBF-2B10-44F7-8359-A2EC1BF91DDA}.Release|Any CPU.Build.0 = Release|Any CPU
	EndGlobalSection
	GlobalSection(SolutionProperties) = preSolution
		HideSolutionNode = FALSE
	EndGlobalSection
	GlobalSection(ExtensibilityGlobals) = postSolution
		SolutionGuid = {74349C5F-9990-4C57-A011-6D609A5C8574}
	EndGlobalSection
EndGlobal
